
Microsoft Visual Studio Solution File, Format Version 12.00
# Visual Studio Version 17
VisualStudioVersion = 17.11.35327.3
MinimumVisualStudioVersion = 10.0.40219.1
Project("{2150E333-8FDC-42A3-9474-1A3956D46DE8}") = "src", "src", "{1A97A0A9-658D-49BE-9166-B6E383A90A7F}"
	ProjectSection(SolutionItems) = preProject
		structure.md = structure.md
	EndProjectSection
EndProject
Project("{2150E333-8FDC-42A3-9474-1A3956D46DE8}") = "test", "test", "{6F5CA627-A09B-4E24-9CA3-2F2FA9B151E8}"
EndProject
Project("{FAE04EC0-301F-11D3-BF4B-00C04F79EFBC}") = "Bookify.Domain", "Bookify.Domain\Bookify.Domain.csproj", "{E5E22653-82F7-4E54-B39D-07D075BD6F9F}"
EndProject
Project("{FAE04EC0-301F-11D3-BF4B-00C04F79EFBC}") = "Bookify.Application", "Bookify.Application\Bookify.Application.csproj", "{A977C0E6-CC77-4AE7-810D-12A09EA20E75}"
EndProject
Project("{FAE04EC0-301F-11D3-BF4B-00C04F79EFBC}") = "Bookify.Infrastructure", "Bookify.Infrastructure\Bookify.Infrastructure.csproj", "{082A51D1-50AA-46CA-92C0-E61AEEE7BD4B}"
EndProject
Global
	GlobalSection(SolutionConfigurationPlatforms) = preSolution
		Debug|Any CPU = Debug|Any CPU
		Release|Any CPU = Release|Any CPU
	EndGlobalSection
	GlobalSection(ProjectConfigurationPlatforms) = postSolution
		{E5E22653-82F7-4E54-B39D-07D075BD6F9F}.Debug|Any CPU.ActiveCfg = Debug|Any CPU
		{E5E22653-82F7-4E54-B39D-07D075BD6F9F}.Debug|Any CPU.Build.0 = Debug|Any CPU
		{E5E22653-82F7-4E54-B39D-07D075BD6F9F}.Release|Any CPU.ActiveCfg = Release|Any CPU
		{E5E22653-82F7-4E54-B39D-07D075BD6F9F}.Release|Any CPU.Build.0 = Release|Any CPU
		{A977C0E6-CC77-4AE7-810D-12A09EA20E75}.Debug|Any CPU.ActiveCfg = Debug|Any CPU
		{A977C0E6-CC77-4AE7-810D-12A09EA20E75}.Debug|Any CPU.Build.0 = Debug|Any CPU
		{A977C0E6-CC77-4AE7-810D-12A09EA20E75}.Release|Any CPU.ActiveCfg = Release|Any CPU
		{A977C0E6-CC77-4AE7-810D-12A09EA20E75}.Release|Any CPU.Build.0 = Release|Any CPU
		{082A51D1-50AA-46CA-92C0-E61AEEE7BD4B}.Debug|Any CPU.ActiveCfg = Debug|Any CPU
		{082A51D1-50AA-46CA-92C0-E61AEEE7BD4B}.Debug|Any CPU.Build.0 = Debug|Any CPU
		{082A51D1-50AA-46CA-92C0-E61AEEE7BD4B}.Release|Any CPU.ActiveCfg = Release|Any CPU
		{082A51D1-50AA-46CA-92C0-E61AEEE7BD4B}.Release|Any CPU.Build.0 = Release|Any CPU
	EndGlobalSection
	GlobalSection(SolutionProperties) = preSolution
		HideSolutionNode = FALSE
	EndGlobalSection
	GlobalSection(NestedProjects) = preSolution
		{E5E22653-82F7-4E54-B39D-07D075BD6F9F} = {1A97A0A9-658D-49BE-9166-B6E383A90A7F}
		{A977C0E6-CC77-4AE7-810D-12A09EA20E75} = {1A97A0A9-658D-49BE-9166-B6E383A90A7F}
		{082A51D1-50AA-46CA-92C0-E61AEEE7BD4B} = {1A97A0A9-658D-49BE-9166-B6E383A90A7F}
	EndGlobalSection
	GlobalSection(ExtensibilityGlobals) = postSolution
		SolutionGuid = {017AED6C-90D1-4E4A-B125-5BE3454F7B22}
	EndGlobalSection
EndGlobal
